
Microsoft Visual Studio Solution File, Format Version 12.00
# Visual Studio Version 17
VisualStudioVersion = 17.8.34330.188
MinimumVisualStudioVersion = 10.0.40219.1
Project("{FAE04EC0-301F-11D3-BF4B-00C04F79EFBC}") = "wordEditor", "wordEditor\wordEditor.csproj", "{575A65E4-B041-4564-AAB2-74D4925611FB}"
EndProject
Global
	GlobalSection(SolutionConfigurationPlatforms) = preSolution
		Debug|Any CPU = Debug|Any CPU
		Release|Any CPU = Release|Any CPU
	EndGlobalSection
	GlobalSection(ProjectConfigurationPlatforms) = postSolution
		{575A65E4-B041-4564-AAB2-74D4925611FB}.Debug|Any CPU.ActiveCfg = Debug|Any CPU
		{575A65E4-B041-4564-AAB2-74D4925611FB}.Debug|Any CPU.Build.0 = Debug|Any CPU
		{575A65E4-B041-4564-AAB2-74D4925611FB}.Release|Any CPU.ActiveCfg = Release|Any CPU
		{575A65E4-B041-4564-AAB2-74D4925611FB}.Release|Any CPU.Build.0 = Release|Any CPU
	EndGlobalSection
	GlobalSection(SolutionProperties) = preSolution
		HideSolutionNode = FALSE
	EndGlobalSection
	GlobalSection(ExtensibilityGlobals) = postSolution
		SolutionGuid = {2030CFBC-322D-4F36-B92C-42DB102F528C}
	EndGlobalSection
EndGlobal
